
Microsoft Visual Studio Solution File, Format Version 12.00
# Visual Studio Version 17
VisualStudioVersion = 17.12.35527.113 d17.12
MinimumVisualStudioVersion = 10.0.40219.1
Project("{FAE04EC0-301F-11D3-BF4B-00C04F79EFBC}") = "Classess", "Classess\Classess.csproj", "{BFC4E52B-F0CC-4D20-864C-8A948E6F92EC}"
EndProject
Global
	GlobalSection(SolutionConfigurationPlatforms) = preSolution
		Debug|Any CPU = Debug|Any CPU
		Release|Any CPU = Release|Any CPU
	EndGlobalSection
	GlobalSection(ProjectConfigurationPlatforms) = postSolution
		{BFC4E52B-F0CC-4D20-864C-8A948E6F92EC}.Debug|Any CPU.ActiveCfg = Debug|Any CPU
		{BFC4E52B-F0CC-4D20-864C-8A948E6F92EC}.Debug|Any CPU.Build.0 = Debug|Any CPU
		{BFC4E52B-F0CC-4D20-864C-8A948E6F92EC}.Release|Any CPU.ActiveCfg = Release|Any CPU
		{BFC4E52B-F0CC-4D20-864C-8A948E6F92EC}.Release|Any CPU.Build.0 = Release|Any CPU
	EndGlobalSection
	GlobalSection(SolutionProperties) = preSolution
		HideSolutionNode = FALSE
	EndGlobalSection
EndGlobal
